
Microsoft Visual Studio Solution File, Format Version 12.00
# Visual Studio Version 17
VisualStudioVersion = 17.3.32825.248
MinimumVisualStudioVersion = 10.0.40219.1
Project("{FAE04EC0-301F-11D3-BF4B-00C04F79EFBC}") = "CPG_Platform", "CPG_Platform\CPG_Platform.csproj", "{C1FDDD22-F2FB-4820-AB28-2200A77DFAA4}"
EndProject
Global
	GlobalSection(SolutionConfigurationPlatforms) = preSolution
		Debug|Any CPU = Debug|Any CPU
		Release|Any CPU = Release|Any CPU
	EndGlobalSection
	GlobalSection(ProjectConfigurationPlatforms) = postSolution
		{C1FDDD22-F2FB-4820-AB28-2200A77DFAA4}.Debug|Any CPU.ActiveCfg = Debug|Any CPU
		{C1FDDD22-F2FB-4820-AB28-2200A77DFAA4}.Debug|Any CPU.Build.0 = Debug|Any CPU
		{C1FDDD22-F2FB-4820-AB28-2200A77DFAA4}.Release|Any CPU.ActiveCfg = Release|Any CPU
		{C1FDDD22-F2FB-4820-AB28-2200A77DFAA4}.Release|Any CPU.Build.0 = Release|Any CPU
	EndGlobalSection
	GlobalSection(SolutionProperties) = preSolution
		HideSolutionNode = FALSE
	EndGlobalSection
	GlobalSection(ExtensibilityGlobals) = postSolution
		SolutionGuid = {F24CCE39-C08E-41B6-9D90-14D3B15509BF}
	EndGlobalSection
EndGlobal
